// !$*UTF8*$!
{
	archiveVersion = 1;
	classes = {
	};
	objectVersion = 55;
	objects = {

/* Begin PBXBuildFile section */
		3C57F39427D8FD8F008591A7 /* SwiftUI_1App.swift in Sources */ = {isa = PBXBuildFile; fileRef = 3C57F39327D8FD8F008591A7 /* SwiftUI_1App.swift */; };
		3C57F39627D8FD8F008591A7 /* ContentView.swift in Sources */ = {isa = PBXBuildFile; fileRef = 3C57F39527D8FD8F008591A7 /* ContentView.swift */; };
		3C57F39827D8FD90008591A7 /* Assets.xcassets in Resources */ = {isa = PBXBuildFile; fileRef = 3C57F39727D8FD90008591A7 /* Assets.xcassets */; };
		3C57F39B27D8FD90008591A7 /* Preview Assets.xcassets in Resources */ = {isa = PBXBuildFile; fileRef = 3C57F39A27D8FD90008591A7 /* Preview Assets.xcassets */; };
		3C57F3A527D8FD90008591A7 /* SwiftUI_1Tests.swift in Sources */ = {isa = PBXBuildFile; fileRef = 3C57F3A427D8FD90008591A7 /* SwiftUI_1Tests.swift */; };
		3C57F3AF27D8FD90008591A7 /* SwiftUI_1UITests.swift in Sources */ = {isa = PBXBuildFile; fileRef = 3C57F3AE27D8FD90008591A7 /* SwiftUI_1UITests.swift */; };
		3C57F3B127D8FD90008591A7 /* SwiftUI_1UITestsLaunchTests.swift in Sources */ = {isa = PBXBuildFile; fileRef = 3C57F3B027D8FD90008591A7 /* SwiftUI_1UITestsLaunchTests.swift */; };
		3C57F3BE27DA165C008591A7 /* CircleImage.swift in Sources */ = {isa = PBXBuildFile; fileRef = 3C57F3BD27DA165C008591A7 /* CircleImage.swift */; };
		3C57F3C027DA1771008591A7 /* MapView.swift in Sources */ = {isa = PBXBuildFile; fileRef = 3C57F3BF27DA1771008591A7 /* MapView.swift */; };
		3C57F3C227DA3611008591A7 /* landmarkData.json in Resources */ = {isa = PBXBuildFile; fileRef = 3C57F3C127DA3611008591A7 /* landmarkData.json */; };
		3C57F3C427DA361D008591A7 /* LandMark.swift in Sources */ = {isa = PBXBuildFile; fileRef = 3C57F3C327DA361D008591A7 /* LandMark.swift */; };
		3C57F3C627DA3C56008591A7 /* ModelData.swift in Sources */ = {isa = PBXBuildFile; fileRef = 3C57F3C527DA3C56008591A7 /* ModelData.swift */; };
		3C57F3CB27DA3D3D008591A7 /* LandmarkRow.swift in Sources */ = {isa = PBXBuildFile; fileRef = 3C57F3CA27DA3D3D008591A7 /* LandmarkRow.swift */; };
		3CBB989B27DA46B500E229EC /* LandmarkList.swift in Sources */ = {isa = PBXBuildFile; fileRef = 3CBB989A27DA46B500E229EC /* LandmarkList.swift */; };
		3CBB989D27DA497C00E229EC /* LandmarkDetail.swift in Sources */ = {isa = PBXBuildFile; fileRef = 3CBB989C27DA497C00E229EC /* LandmarkDetail.swift */; };
/* End PBXBuildFile section */

/* Begin PBXContainerItemProxy section */
		3C57F3A127D8FD90008591A7 /* PBXContainerItemProxy */ = {
			isa = PBXContainerItemProxy;
			containerPortal = 3C57F38827D8FD8F008591A7 /* Project object */;
			proxyType = 1;
			remoteGlobalIDString = 3C57F38F27D8FD8F008591A7;
			remoteInfo = SwiftUI_1;
		};
		3C57F3AB27D8FD90008591A7 /* PBXContainerItemProxy */ = {
			isa = PBXContainerItemProxy;
			containerPortal = 3C57F38827D8FD8F008591A7 /* Project object */;
			proxyType = 1;
			remoteGlobalIDString = 3C57F38F27D8FD8F008591A7;
			remoteInfo = SwiftUI_1;
		};
/* End PBXContainerItemProxy section */

/* Begin PBXFileReference section */
		3C57F39027D8FD8F008591A7 /* SwiftUI_1.app */ = {isa = PBXFileReference; explicitFileType = wrapper.application; includeInIndex = 0; path = SwiftUI_1.app; sourceTree = BUILT_PRODUCTS_DIR; };
		3C57F39327D8FD8F008591A7 /* SwiftUI_1App.swift */ = {isa = PBXFileReference; lastKnownFileType = sourcecode.swift; path = SwiftUI_1App.swift; sourceTree = "<group>"; };
		3C57F39527D8FD8F008591A7 /* ContentView.swift */ = {isa = PBXFileReference; lastKnownFileType = sourcecode.swift; path = ContentView.swift; sourceTree = "<group>"; };
		3C57F39727D8FD90008591A7 /* Assets.xcassets */ = {isa = PBXFileReference; lastKnownFileType = folder.assetcatalog; path = Assets.xcassets; sourceTree = "<group>"; };
		3C57F39A27D8FD90008591A7 /* Preview Assets.xcassets */ = {isa = PBXFileReference; lastKnownFileType = folder.assetcatalog; path = "Preview Assets.xcassets"; sourceTree = "<group>"; };
		3C57F3A027D8FD90008591A7 /* SwiftUI_1Tests.xctest */ = {isa = PBXFileReference; explicitFileType = wrapper.cfbundle; includeInIndex = 0; path = SwiftUI_1Tests.xctest; sourceTree = BUILT_PRODUCTS_DIR; };
		3C57F3A427D8FD90008591A7 /* SwiftUI_1Tests.swift */ = {isa = PBXFileReference; lastKnownFileType = sourcecode.swift; path = SwiftUI_1Tests.swift; sourceTree = "<group>"; };
		3C57F3AA27D8FD90008591A7 /* SwiftUI_1UITests.xctest */ = {isa = PBXFileReference; explicitFileType = wrapper.cfbundle; includeInIndex = 0; path = SwiftUI_1UITests.xctest; sourceTree = BUILT_PRODUCTS_DIR; };
		3C57F3AE27D8FD90008591A7 /* SwiftUI_1UITests.swift */ = {isa = PBXFileReference; lastKnownFileType = sourcecode.swift; path = SwiftUI_1UITests.swift; sourceTree = "<group>"; };
		3C57F3B027D8FD90008591A7 /* SwiftUI_1UITestsLaunchTests.swift */ = {isa = PBXFileReference; lastKnownFileType = sourcecode.swift; path = SwiftUI_1UITestsLaunchTests.swift; sourceTree = "<group>"; };
		3C57F3BD27DA165C008591A7 /* CircleImage.swift */ = {isa = PBXFileReference; lastKnownFileType = sourcecode.swift; path = CircleImage.swift; sourceTree = "<group>"; };
		3C57F3BF27DA1771008591A7 /* MapView.swift */ = {isa = PBXFileReference; lastKnownFileType = sourcecode.swift; path = MapView.swift; sourceTree = "<group>"; };
		3C57F3C127DA3611008591A7 /* landmarkData.json */ = {isa = PBXFileReference; fileEncoding = 4; lastKnownFileType = text.json; path = landmarkData.json; sourceTree = "<group>"; };
		3C57F3C327DA361D008591A7 /* LandMark.swift */ = {isa = PBXFileReference; lastKnownFileType = sourcecode.swift; path = LandMark.swift; sourceTree = "<group>"; };
		3C57F3C527DA3C56008591A7 /* ModelData.swift */ = {isa = PBXFileReference; lastKnownFileType = sourcecode.swift; path = ModelData.swift; sourceTree = "<group>"; };
		3C57F3CA27DA3D3D008591A7 /* LandmarkRow.swift */ = {isa = PBXFileReference; lastKnownFileType = sourcecode.swift; path = LandmarkRow.swift; sourceTree = "<group>"; };
		3CBB989A27DA46B500E229EC /* LandmarkList.swift */ = {isa = PBXFileReference; lastKnownFileType = sourcecode.swift; path = LandmarkList.swift; sourceTree = "<group>"; };
		3CBB989C27DA497C00E229EC /* LandmarkDetail.swift */ = {isa = PBXFileReference; lastKnownFileType = sourcecode.swift; path = LandmarkDetail.swift; sourceTree = "<group>"; };
/* End PBXFileReference section */

/* Begin PBXFrameworksBuildPhase section */
		3C57F38D27D8FD8F008591A7 /* Frameworks */ = {
			isa = PBXFrameworksBuildPhase;
			buildActionMask = 2147483647;
			files = (
			);
			runOnlyForDeploymentPostprocessing = 0;
		};
		3C57F39D27D8FD90008591A7 /* Frameworks */ = {
			isa = PBXFrameworksBuildPhase;
			buildActionMask = 2147483647;
			files = (
			);
			runOnlyForDeploymentPostprocessing = 0;
		};
		3C57F3A727D8FD90008591A7 /* Frameworks */ = {
			isa = PBXFrameworksBuildPhase;
			buildActionMask = 2147483647;
			files = (
			);
			runOnlyForDeploymentPostprocessing = 0;
		};
/* End PBXFrameworksBuildPhase section */

/* Begin PBXGroup section */
		3C57F38727D8FD8F008591A7 = {
			isa = PBXGroup;
			children = (
				3C57F39227D8FD8F008591A7 /* SwiftUI_1 */,
				3C57F3A327D8FD90008591A7 /* SwiftUI_1Tests */,
				3C57F3AD27D8FD90008591A7 /* SwiftUI_1UITests */,
				3C57F39127D8FD8F008591A7 /* Products */,
			);
			sourceTree = "<group>";
		};
		3C57F39127D8FD8F008591A7 /* Products */ = {
			isa = PBXGroup;
			children = (
				3C57F39027D8FD8F008591A7 /* SwiftUI_1.app */,
				3C57F3A027D8FD90008591A7 /* SwiftUI_1Tests.xctest */,
				3C57F3AA27D8FD90008591A7 /* SwiftUI_1UITests.xctest */,
			);
			name = Products;
			sourceTree = "<group>";
		};
		3C57F39227D8FD8F008591A7 /* SwiftUI_1 */ = {
			isa = PBXGroup;
			children = (
				3C57F39327D8FD8F008591A7 /* SwiftUI_1App.swift */,
				3C57F3C727DA3CBF008591A7 /* View */,
				3C57F3C827DA3CD5008591A7 /* Model */,
				3C57F3C927DA3CEB008591A7 /* Resource */,
				3C57F3C127DA3611008591A7 /* landmarkData.json */,
				3C57F39927D8FD90008591A7 /* Preview Content */,
			);
			path = SwiftUI_1;
			sourceTree = "<group>";
		};
		3C57F39927D8FD90008591A7 /* Preview Content */ = {
			isa = PBXGroup;
			children = (
				3C57F39A27D8FD90008591A7 /* Preview Assets.xcassets */,
			);
			path = "Preview Content";
			sourceTree = "<group>";
		};
		3C57F3A327D8FD90008591A7 /* SwiftUI_1Tests */ = {
			isa = PBXGroup;
			children = (
				3C57F3A427D8FD90008591A7 /* SwiftUI_1Tests.swift */,
			);
			path = SwiftUI_1Tests;
			sourceTree = "<group>";
		};
		3C57F3AD27D8FD90008591A7 /* SwiftUI_1UITests */ = {
			isa = PBXGroup;
			children = (
				3C57F3AE27D8FD90008591A7 /* SwiftUI_1UITests.swift */,
				3C57F3B027D8FD90008591A7 /* SwiftUI_1UITestsLaunchTests.swift */,
			);
			path = SwiftUI_1UITests;
			sourceTree = "<group>";
		};
		3C57F3C727DA3CBF008591A7 /* View */ = {
			isa = PBXGroup;
			children = (
				3C57F39527D8FD8F008591A7 /* ContentView.swift */,
				3C57F3BD27DA165C008591A7 /* CircleImage.swift */,
				3C57F3BF27DA1771008591A7 /* MapView.swift */,
				3C57F3CA27DA3D3D008591A7 /* LandmarkRow.swift */,
				3CBB989A27DA46B500E229EC /* LandmarkList.swift */,
				3CBB989C27DA497C00E229EC /* LandmarkDetail.swift */,
			);
			path = View;
			sourceTree = "<group>";
		};
		3C57F3C827DA3CD5008591A7 /* Model */ = {
			isa = PBXGroup;
			children = (
				3C57F3C327DA361D008591A7 /* LandMark.swift */,
				3C57F3C527DA3C56008591A7 /* ModelData.swift */,
			);
			path = Model;
			sourceTree = "<group>";
		};
		3C57F3C927DA3CEB008591A7 /* Resource */ = {
			isa = PBXGroup;
			children = (
				3C57F39727D8FD90008591A7 /* Assets.xcassets */,
			);
			path = Resource;
			sourceTree = "<group>";
		};
/* End PBXGroup section */

/* Begin PBXNativeTarget section */
		3C57F38F27D8FD8F008591A7 /* SwiftUI_1 */ = {
			isa = PBXNativeTarget;
			buildConfigurationList = 3C57F3B427D8FD90008591A7 /* Build configuration list for PBXNativeTarget "SwiftUI_1" */;
			buildPhases = (
				3C57F38C27D8FD8F008591A7 /* Sources */,
				3C57F38D27D8FD8F008591A7 /* Frameworks */,
				3C57F38E27D8FD8F008591A7 /* Resources */,
			);
			buildRules = (
			);
			dependencies = (
			);
			name = SwiftUI_1;
			productName = SwiftUI_1;
			productReference = 3C57F39027D8FD8F008591A7 /* SwiftUI_1.app */;
			productType = "com.apple.product-type.application";
		};
		3C57F39F27D8FD90008591A7 /* SwiftUI_1Tests */ = {
			isa = PBXNativeTarget;
			buildConfigurationList = 3C57F3B727D8FD90008591A7 /* Build configuration list for PBXNativeTarget "SwiftUI_1Tests" */;
			buildPhases = (
				3C57F39C27D8FD90008591A7 /* Sources */,
				3C57F39D27D8FD90008591A7 /* Frameworks */,
				3C57F39E27D8FD90008591A7 /* Resources */,
			);
			buildRules = (
			);
			dependencies = (
				3C57F3A227D8FD90008591A7 /* PBXTargetDependency */,
			);
			name = SwiftUI_1Tests;
			productName = SwiftUI_1Tests;
			productReference = 3C57F3A027D8FD90008591A7 /* SwiftUI_1Tests.xctest */;
			productType = "com.apple.product-type.bundle.unit-test";
		};
		3C57F3A927D8FD90008591A7 /* SwiftUI_1UITests */ = {
			isa = PBXNativeTarget;
			buildConfigurationList = 3C57F3BA27D8FD90008591A7 /* Build configuration list for PBXNativeTarget "SwiftUI_1UITests" */;
			buildPhases = (
				3C57F3A627D8FD90008591A7 /* Sources */,
				3C57F3A727D8FD90008591A7 /* Frameworks */,
				3C57F3A827D8FD90008591A7 /* Resources */,
			);
			buildRules = (
			);
			dependencies = (
				3C57F3AC27D8FD90008591A7 /* PBXTargetDependency */,
			);
			name = SwiftUI_1UITests;
			productName = SwiftUI_1UITests;
			productReference = 3C57F3AA27D8FD90008591A7 /* SwiftUI_1UITests.xctest */;
			productType = "com.apple.product-type.bundle.ui-testing";
		};
/* End PBXNativeTarget section */

/* Begin PBXProject section */
		3C57F38827D8FD8F008591A7 /* Project object */ = {
			isa = PBXProject;
			attributes = {
				BuildIndependentTargetsInParallel = 1;
				LastSwiftUpdateCheck = 1320;
				LastUpgradeCheck = 1320;
				TargetAttributes = {
					3C57F38F27D8FD8F008591A7 = {
						CreatedOnToolsVersion = 13.2.1;
					};
					3C57F39F27D8FD90008591A7 = {
						CreatedOnToolsVersion = 13.2.1;
						TestTargetID = 3C57F38F27D8FD8F008591A7;
					};
					3C57F3A927D8FD90008591A7 = {
						CreatedOnToolsVersion = 13.2.1;
						TestTargetID = 3C57F38F27D8FD8F008591A7;
					};
				};
			};
			buildConfigurationList = 3C57F38B27D8FD8F008591A7 /* Build configuration list for PBXProject "SwiftUI_1" */;
			compatibilityVersion = "Xcode 13.0";
			developmentRegion = en;
			hasScannedForEncodings = 0;
			knownRegions = (
				en,
				Base,
			);
			mainGroup = 3C57F38727D8FD8F008591A7;
			productRefGroup = 3C57F39127D8FD8F008591A7 /* Products */;
			projectDirPath = "";
			projectRoot = "";
			targets = (
				3C57F38F27D8FD8F008591A7 /* SwiftUI_1 */,
				3C57F39F27D8FD90008591A7 /* SwiftUI_1Tests */,
				3C57F3A927D8FD90008591A7 /* SwiftUI_1UITests */,
			);
		};
/* End PBXProject section */

/* Begin PBXResourcesBuildPhase section */
		3C57F38E27D8FD8F008591A7 /* Resources */ = {
			isa = PBXResourcesBuildPhase;
			buildActionMask = 2147483647;
			files = (
				3C57F3C227DA3611008591A7 /* landmarkData.json in Resources */,
				3C57F39B27D8FD90008591A7 /* Preview Assets.xcassets in Resources */,
				3C57F39827D8FD90008591A7 /* Assets.xcassets in Resources */,
			);
			runOnlyForDeploymentPostprocessing = 0;
		};
		3C57F39E27D8FD90008591A7 /* Resources */ = {
			isa = PBXResourcesBuildPhase;
			buildActionMask = 2147483647;
			files = (
			);
			runOnlyForDeploymentPostprocessing = 0;
		};
		3C57F3A827D8FD90008591A7 /* Resources */ = {
			isa = PBXResourcesBuildPhase;
			buildActionMask = 2147483647;
			files = (
			);
			runOnlyForDeploymentPostprocessing = 0;
		};
/* End PBXResourcesBuildPhase section */

/* Begin PBXSourcesBuildPhase section */
		3C57F38C27D8FD8F008591A7 /* Sources */ = {
			isa = PBXSourcesBuildPhase;
			buildActionMask = 2147483647;
			files = (
				3C57F39627D8FD8F008591A7 /* ContentView.swift in Sources */,
				3C57F3C427DA361D008591A7 /* LandMark.swift in Sources */,
				3C57F3C027DA1771008591A7 /* MapView.swift in Sources */,
				3CBB989B27DA46B500E229EC /* LandmarkList.swift in Sources */,
				3CBB989D27DA497C00E229EC /* LandmarkDetail.swift in Sources */,
				3C57F39427D8FD8F008591A7 /* SwiftUI_1App.swift in Sources */,
				3C57F3BE27DA165C008591A7 /* CircleImage.swift in Sources */,
				3C57F3CB27DA3D3D008591A7 /* LandmarkRow.swift in Sources */,
				3C57F3C627DA3C56008591A7 /* ModelData.swift in Sources */,
			);
			runOnlyForDeploymentPostprocessing = 0;
		};
		3C57F39C27D8FD90008591A7 /* Sources */ = {
			isa = PBXSourcesBuildPhase;
			buildActionMask = 2147483647;
			files = (
				3C57F3A527D8FD90008591A7 /* SwiftUI_1Tests.swift in Sources */,
			);
			runOnlyForDeploymentPostprocessing = 0;
		};
		3C57F3A627D8FD90008591A7 /* Sources */ = {
			isa = PBXSourcesBuildPhase;
			buildActionMask = 2147483647;
			files = (
				3C57F3B127D8FD90008591A7 /* SwiftUI_1UITestsLaunchTests.swift in Sources */,
				3C57F3AF27D8FD90008591A7 /* SwiftUI_1UITests.swift in Sources */,
			);
			runOnlyForDeploymentPostprocessing = 0;
		};
/* End PBXSourcesBuildPhase section */

/* Begin PBXTargetDependency section */
		3C57F3A227D8FD90008591A7 /* PBXTargetDependency */ = {
			isa = PBXTargetDependency;
			target = 3C57F38F27D8FD8F008591A7 /* SwiftUI_1 */;
			targetProxy = 3C57F3A127D8FD90008591A7 /* PBXContainerItemProxy */;
		};
		3C57F3AC27D8FD90008591A7 /* PBXTargetDependency */ = {
			isa = PBXTargetDependency;
			target = 3C57F38F27D8FD8F008591A7 /* SwiftUI_1 */;
			targetProxy = 3C57F3AB27D8FD90008591A7 /* PBXContainerItemProxy */;
		};
/* End PBXTargetDependency section */

/* Begin XCBuildConfiguration section */
		3C57F3B227D8FD90008591A7 /* Debug */ = {
			isa = XCBuildConfiguration;
			buildSettings = {
				ALWAYS_SEARCH_USER_PATHS = NO;
				CLANG_ANALYZER_NONNULL = YES;
				CLANG_ANALYZER_NUMBER_OBJECT_CONVERSION = YES_AGGRESSIVE;
				CLANG_CXX_LANGUAGE_STANDARD = "gnu++17";
				CLANG_CXX_LIBRARY = "libc++";
				CLANG_ENABLE_MODULES = YES;
				CLANG_ENABLE_OBJC_ARC = YES;
				CLANG_ENABLE_OBJC_WEAK = YES;
				CLANG_WARN_BLOCK_CAPTURE_AUTORELEASING = YES;
				CLANG_WARN_BOOL_CONVERSION = YES;
				CLANG_WARN_COMMA = YES;
				CLANG_WARN_CONSTANT_CONVERSION = YES;
				CLANG_WARN_DEPRECATED_OBJC_IMPLEMENTATIONS = YES;
				CLANG_WARN_DIRECT_OBJC_ISA_USAGE = YES_ERROR;
				CLANG_WARN_DOCUMENTATION_COMMENTS = YES;
				CLANG_WARN_EMPTY_BODY = YES;
				CLANG_WARN_ENUM_CONVERSION = YES;
				CLANG_WARN_INFINITE_RECURSION = YES;
				CLANG_WARN_INT_CONVERSION = YES;
				CLANG_WARN_NON_LITERAL_NULL_CONVERSION = YES;
				CLANG_WARN_OBJC_IMPLICIT_RETAIN_SELF = YES;
				CLANG_WARN_OBJC_LITERAL_CONVERSION = YES;
				CLANG_WARN_OBJC_ROOT_CLASS = YES_ERROR;
				CLANG_WARN_QUOTED_INCLUDE_IN_FRAMEWORK_HEADER = YES;
				CLANG_WARN_RANGE_LOOP_ANALYSIS = YES;
				CLANG_WARN_STRICT_PROTOTYPES = YES;
				CLANG_WARN_SUSPICIOUS_MOVE = YES;
				CLANG_WARN_UNGUARDED_AVAILABILITY = YES_AGGRESSIVE;
				CLANG_WARN_UNREACHABLE_CODE = YES;
				CLANG_WARN__DUPLICATE_METHOD_MATCH = YES;
				COPY_PHASE_STRIP = NO;
				DEBUG_INFORMATION_FORMAT = dwarf;
				ENABLE_STRICT_OBJC_MSGSEND = YES;
				ENABLE_TESTABILITY = YES;
				GCC_C_LANGUAGE_STANDARD = gnu11;
				GCC_DYNAMIC_NO_PIC = NO;
				GCC_NO_COMMON_BLOCKS = YES;
				GCC_OPTIMIZATION_LEVEL = 0;
				GCC_PREPROCESSOR_DEFINITIONS = (
					"DEBUG=1",
					"$(inherited)",
				);
				GCC_WARN_64_TO_32_BIT_CONVERSION = YES;
				GCC_WARN_ABOUT_RETURN_TYPE = YES_ERROR;
				GCC_WARN_UNDECLARED_SELECTOR = YES;
				GCC_WARN_UNINITIALIZED_AUTOS = YES_AGGRESSIVE;
				GCC_WARN_UNUSED_FUNCTION = YES;
				GCC_WARN_UNUSED_VARIABLE = YES;
				IPHONEOS_DEPLOYMENT_TARGET = 15.2;
				MTL_ENABLE_DEBUG_INFO = INCLUDE_SOURCE;
				MTL_FAST_MATH = YES;
				ONLY_ACTIVE_ARCH = YES;
				SDKROOT = iphoneos;
				SWIFT_ACTIVE_COMPILATION_CONDITIONS = DEBUG;
				SWIFT_OPTIMIZATION_LEVEL = "-Onone";
			};
			name = Debug;
		};
		3C57F3B327D8FD90008591A7 /* Release */ = {
			isa = XCBuildConfiguration;
			buildSettings = {
				ALWAYS_SEARCH_USER_PATHS = NO;
				CLANG_ANALYZER_NONNULL = YES;
				CLANG_ANALYZER_NUMBER_OBJECT_CONVERSION = YES_AGGRESSIVE;
				CLANG_CXX_LANGUAGE_STANDARD = "gnu++17";
				CLANG_CXX_LIBRARY = "libc++";
				CLANG_ENABLE_MODULES = YES;
				CLANG_ENABLE_OBJC_ARC = YES;
				CLANG_ENABLE_OBJC_WEAK = YES;
				CLANG_WARN_BLOCK_CAPTURE_AUTORELEASING = YES;
				CLANG_WARN_BOOL_CONVERSION = YES;
				CLANG_WARN_COMMA = YES;
				CLANG_WARN_CONSTANT_CONVERSION = YES;
				CLANG_WARN_DEPRECATED_OBJC_IMPLEMENTATIONS = YES;
				CLANG_WARN_DIRECT_OBJC_ISA_USAGE = YES_ERROR;
				CLANG_WARN_DOCUMENTATION_COMMENTS = YES;
				CLANG_WARN_EMPTY_BODY = YES;
				CLANG_WARN_ENUM_CONVERSION = YES;
				CLANG_WARN_INFINITE_RECURSION = YES;
				CLANG_WARN_INT_CONVERSION = YES;
				CLANG_WARN_NON_LITERAL_NULL_CONVERSION = YES;
				CLANG_WARN_OBJC_IMPLICIT_RETAIN_SELF = YES;
				CLANG_WARN_OBJC_LITERAL_CONVERSION = YES;
				CLANG_WARN_OBJC_ROOT_CLASS = YES_ERROR;
				CLANG_WARN_QUOTED_INCLUDE_IN_FRAMEWORK_HEADER = YES;
				CLANG_WARN_RANGE_LOOP_ANALYSIS = YES;
				CLANG_WARN_STRICT_PROTOTYPES = YES;
				CLANG_WARN_SUSPICIOUS_MOVE = YES;
				CLANG_WARN_UNGUARDED_AVAILABILITY = YES_AGGRESSIVE;
				CLANG_WARN_UNREACHABLE_CODE = YES;
				CLANG_WARN__DUPLICATE_METHOD_MATCH = YES;
				COPY_PHASE_STRIP = NO;
				DEBUG_INFORMATION_FORMAT = "dwarf-with-dsym";
				ENABLE_NS_ASSERTIONS = NO;
				ENABLE_STRICT_OBJC_MSGSEND = YES;
				GCC_C_LANGUAGE_STANDARD = gnu11;
				GCC_NO_COMMON_BLOCKS = YES;
				GCC_WARN_64_TO_32_BIT_CONVERSION = YES;
				GCC_WARN_ABOUT_RETURN_TYPE = YES_ERROR;
				GCC_WARN_UNDECLARED_SELECTOR = YES;
				GCC_WARN_UNINITIALIZED_AUTOS = YES_AGGRESSIVE;
				GCC_WARN_UNUSED_FUNCTION = YES;
				GCC_WARN_UNUSED_VARIABLE = YES;
				IPHONEOS_DEPLOYMENT_TARGET = 15.2;
				MTL_ENABLE_DEBUG_INFO = NO;
				MTL_FAST_MATH = YES;
				SDKROOT = iphoneos;
				SWIFT_COMPILATION_MODE = wholemodule;
				SWIFT_OPTIMIZATION_LEVEL = "-O";
				VALIDATE_PRODUCT = YES;
			};
			name = Release;
		};
		3C57F3B527D8FD90008591A7 /* Debug */ = {
			isa = XCBuildConfiguration;
			buildSettings = {
				ASSETCATALOG_COMPILER_APPICON_NAME = AppIcon;
				ASSETCATALOG_COMPILER_GLOBAL_ACCENT_COLOR_NAME = AccentColor;
				CODE_SIGN_STYLE = Automatic;
				CURRENT_PROJECT_VERSION = 1;
				DEVELOPMENT_ASSET_PATHS = "\"SwiftUI_1/Preview Content\"";
				ENABLE_PREVIEWS = YES;
				GENERATE_INFOPLIST_FILE = YES;
				INFOPLIST_KEY_UIApplicationSceneManifest_Generation = YES;
				INFOPLIST_KEY_UIApplicationSupportsIndirectInputEvents = YES;
				INFOPLIST_KEY_UILaunchScreen_Generation = YES;
				INFOPLIST_KEY_UISupportedInterfaceOrientations_iPad = "UIInterfaceOrientationPortrait UIInterfaceOrientationPortraitUpsideDown UIInterfaceOrientationLandscapeLeft UIInterfaceOrientationLandscapeRight";
				INFOPLIST_KEY_UISupportedInterfaceOrientations_iPhone = "UIInterfaceOrientationPortrait UIInterfaceOrientationLandscapeLeft UIInterfaceOrientationLandscapeRight";
				LD_RUNPATH_SEARCH_PATHS = (
					"$(inherited)",
					"@executable_path/Frameworks",
				);
				MARKETING_VERSION = 1.0;
				PRODUCT_BUNDLE_IDENTIFIER = "com.learning.swiftUI.one.SwiftUI-1";
				PRODUCT_NAME = "$(TARGET_NAME)";
				SWIFT_EMIT_LOC_STRINGS = YES;
				SWIFT_VERSION = 5.0;
				TARGETED_DEVICE_FAMILY = "1,2";
			};
			name = Debug;
		};
		3C57F3B627D8FD90008591A7 /* Release */ = {
			isa = XCBuildConfiguration;
			buildSettings = {
				ASSETCATALOG_COMPILER_APPICON_NAME = AppIcon;
				ASSETCATALOG_COMPILER_GLOBAL_ACCENT_COLOR_NAME = AccentColor;
				CODE_SIGN_STYLE = Automatic;
				CURRENT_PROJECT_VERSION = 1;
				DEVELOPMENT_ASSET_PATHS = "\"SwiftUI_1/Preview Content\"";
				ENABLE_PREVIEWS = YES;
				GENERATE_INFOPLIST_FILE = YES;
				INFOPLIST_KEY_UIApplicationSceneManifest_Generation = YES;
				INFOPLIST_KEY_UIApplicationSupportsIndirectInputEvents = YES;
				INFOPLIST_KEY_UILaunchScreen_Generation = YES;
				INFOPLIST_KEY_UISupportedInterfaceOrientations_iPad = "UIInterfaceOrientationPortrait UIInterfaceOrientationPortraitUpsideDown UIInterfaceOrientationLandscapeLeft UIInterfaceOrientationLandscapeRight";
				INFOPLIST_KEY_UISupportedInterfaceOrientations_iPhone = "UIInterfaceOrientationPortrait UIInterfaceOrientationLandscapeLeft UIInterfaceOrientationLandscapeRight";
				LD_RUNPATH_SEARCH_PATHS = (
					"$(inherited)",
					"@executable_path/Frameworks",
				);
				MARKETING_VERSION = 1.0;
				PRODUCT_BUNDLE_IDENTIFIER = "com.learning.swiftUI.one.SwiftUI-1";
				PRODUCT_NAME = "$(TARGET_NAME)";
				SWIFT_EMIT_LOC_STRINGS = YES;
				SWIFT_VERSION = 5.0;
				TARGETED_DEVICE_FAMILY = "1,2";
			};
			name = Release;
		};
		3C57F3B827D8FD90008591A7 /* Debug */ = {
			isa = XCBuildConfiguration;
			buildSettings = {
				ALWAYS_EMBED_SWIFT_STANDARD_LIBRARIES = YES;
				BUNDLE_LOADER = "$(TEST_HOST)";
				CODE_SIGN_STYLE = Automatic;
				CURRENT_PROJECT_VERSION = 1;
				GENERATE_INFOPLIST_FILE = YES;
				IPHONEOS_DEPLOYMENT_TARGET = 15.2;
				MARKETING_VERSION = 1.0;
				PRODUCT_BUNDLE_IDENTIFIER = "com.learning.swiftUI.one.SwiftUI-1Tests";
				PRODUCT_NAME = "$(TARGET_NAME)";
				SWIFT_EMIT_LOC_STRINGS = NO;
				SWIFT_VERSION = 5.0;
				TARGETED_DEVICE_FAMILY = "1,2";
				TEST_HOST = "$(BUILT_PRODUCTS_DIR)/SwiftUI_1.app/SwiftUI_1";
			};
			name = Debug;
		};
		3C57F3B927D8FD90008591A7 /* Release */ = {
			isa = XCBuildConfiguration;
			buildSettings = {
				ALWAYS_EMBED_SWIFT_STANDARD_LIBRARIES = YES;
				BUNDLE_LOADER = "$(TEST_HOST)";
				CODE_SIGN_STYLE = Automatic;
				CURRENT_PROJECT_VERSION = 1;
				GENERATE_INFOPLIST_FILE = YES;
				IPHONEOS_DEPLOYMENT_TARGET = 15.2;
				MARKETING_VERSION = 1.0;
				PRODUCT_BUNDLE_IDENTIFIER = "com.learning.swiftUI.one.SwiftUI-1Tests";
				PRODUCT_NAME = "$(TARGET_NAME)";
				SWIFT_EMIT_LOC_STRINGS = NO;
				SWIFT_VERSION = 5.0;
				TARGETED_DEVICE_FAMILY = "1,2";
				TEST_HOST = "$(BUILT_PRODUCTS_DIR)/SwiftUI_1.app/SwiftUI_1";
			};
			name = Release;
		};
		3C57F3BB27D8FD90008591A7 /* Debug */ = {
			isa = XCBuildConfiguration;
			buildSettings = {
				ALWAYS_EMBED_SWIFT_STANDARD_LIBRARIES = YES;
				CODE_SIGN_STYLE = Automatic;
				CURRENT_PROJECT_VERSION = 1;
				GENERATE_INFOPLIST_FILE = YES;
				MARKETING_VERSION = 1.0;
				PRODUCT_BUNDLE_IDENTIFIER = "com.learning.swiftUI.one.SwiftUI-1UITests";
				PRODUCT_NAME = "$(TARGET_NAME)";
				SWIFT_EMIT_LOC_STRINGS = NO;
				SWIFT_VERSION = 5.0;
				TARGETED_DEVICE_FAMILY = "1,2";
				TEST_TARGET_NAME = SwiftUI_1;
			};
			name = Debug;
		};
		3C57F3BC27D8FD90008591A7 /* Release */ = {
			isa = XCBuildConfiguration;
			buildSettings = {
				ALWAYS_EMBED_SWIFT_STANDARD_LIBRARIES = YES;
				CODE_SIGN_STYLE = Automatic;
				CURRENT_PROJECT_VERSION = 1;
				GENERATE_INFOPLIST_FILE = YES;
				MARKETING_VERSION = 1.0;
				PRODUCT_BUNDLE_IDENTIFIER = "com.learning.swiftUI.one.SwiftUI-1UITests";
				PRODUCT_NAME = "$(TARGET_NAME)";
				SWIFT_EMIT_LOC_STRINGS = NO;
				SWIFT_VERSION = 5.0;
				TARGETED_DEVICE_FAMILY = "1,2";
				TEST_TARGET_NAME = SwiftUI_1;
			};
			name = Release;
		};
/* End XCBuildConfiguration section */

/* Begin XCConfigurationList section */
		3C57F38B27D8FD8F008591A7 /* Build configuration list for PBXProject "SwiftUI_1" */ = {
			isa = XCConfigurationList;
			buildConfigurations = (
				3C57F3B227D8FD90008591A7 /* Debug */,
				3C57F3B327D8FD90008591A7 /* Release */,
			);
			defaultConfigurationIsVisible = 0;
			defaultConfigurationName = Release;
		};
		3C57F3B427D8FD90008591A7 /* Build configuration list for PBXNativeTarget "SwiftUI_1" */ = {
			isa = XCConfigurationList;
			buildConfigurations = (
				3C57F3B527D8FD90008591A7 /* Debug */,
				3C57F3B627D8FD90008591A7 /* Release */,
			);
			defaultConfigurationIsVisible = 0;
			defaultConfigurationName = Release;
		};
		3C57F3B727D8FD90008591A7 /* Build configuration list for PBXNativeTarget "SwiftUI_1Tests" */ = {
			isa = XCConfigurationList;
			buildConfigurations = (
				3C57F3B827D8FD90008591A7 /* Debug */,
				3C57F3B927D8FD90008591A7 /* Release */,
			);
			defaultConfigurationIsVisible = 0;
			defaultConfigurationName = Release;
		};
		3C57F3BA27D8FD90008591A7 /* Build configuration list for PBXNativeTarget "SwiftUI_1UITests" */ = {
			isa = XCConfigurationList;
			buildConfigurations = (
				3C57F3BB27D8FD90008591A7 /* Debug */,
				3C57F3BC27D8FD90008591A7 /* Release */,
			);
			defaultConfigurationIsVisible = 0;
			defaultConfigurationName = Release;
		};
/* End XCConfigurationList section */
	};
	rootObject = 3C57F38827D8FD8F008591A7 /* Project object */;
}
